// !$*UTF8*$!
{
	archiveVersion = 1;
	classes = {
	};
	objectVersion = 46;
	objects = {

/* Begin PBXBuildFile section */
		C3016E1921FD19FA00D833A2 /* FavoritesViewController.swift in Sources */ = {isa = PBXBuildFile; fileRef = C3016E1821FD19FA00D833A2 /* FavoritesViewController.swift */; };
		C306501821E7962900EDD98D /* AppDelegate.swift in Sources */ = {isa = PBXBuildFile; fileRef = C306501721E7962900EDD98D /* AppDelegate.swift */; };
		C306501A21E7962900EDD98D /* ViewController.swift in Sources */ = {isa = PBXBuildFile; fileRef = C306501921E7962900EDD98D /* ViewController.swift */; };
		C306501D21E7962900EDD98D /* Main.storyboard in Resources */ = {isa = PBXBuildFile; fileRef = C306501B21E7962900EDD98D /* Main.storyboard */; };
		C306501F21E7962900EDD98D /* Assets.xcassets in Resources */ = {isa = PBXBuildFile; fileRef = C306501E21E7962900EDD98D /* Assets.xcassets */; };
		C306502221E7962A00EDD98D /* LaunchScreen.storyboard in Resources */ = {isa = PBXBuildFile; fileRef = C306502021E7962900EDD98D /* LaunchScreen.storyboard */; };
		C306502A21E796B300EDD98D /* NetworkService.swift in Sources */ = {isa = PBXBuildFile; fileRef = C306502921E796B300EDD98D /* NetworkService.swift */; };
		C306502E21EAB9D700EDD98D /* Books.swift in Sources */ = {isa = PBXBuildFile; fileRef = C306502D21EAB9D700EDD98D /* Books.swift */; };
		C306503121EAC90B00EDD98D /* BooksViewModel.swift in Sources */ = {isa = PBXBuildFile; fileRef = C306503021EAC90B00EDD98D /* BooksViewModel.swift */; };
		C38FE93221F187BE005C97E6 /* RealmRepository.swift in Sources */ = {isa = PBXBuildFile; fileRef = C38FE93121F187BE005C97E6 /* RealmRepository.swift */; };
		C38FE93421F187C6005C97E6 /* RealmService.swift in Sources */ = {isa = PBXBuildFile; fileRef = C38FE93321F187C6005C97E6 /* RealmService.swift */; };
		C3BA592921ED8E0F00A828A9 /* BookCollectionViewCell.swift in Sources */ = {isa = PBXBuildFile; fileRef = C3BA592721ED8E0F00A828A9 /* BookCollectionViewCell.swift */; };
		C3BA592A21ED8E0F00A828A9 /* BookCollectionViewCell.xib in Resources */ = {isa = PBXBuildFile; fileRef = C3BA592821ED8E0F00A828A9 /* BookCollectionViewCell.xib */; };
/* End PBXBuildFile section */

/* Begin PBXFileReference section */
		C3016E1821FD19FA00D833A2 /* FavoritesViewController.swift */ = {isa = PBXFileReference; fileEncoding = 4; lastKnownFileType = sourcecode.swift; path = FavoritesViewController.swift; sourceTree = "<group>"; };
		C306501421E7962900EDD98D /* GoogleBooksApps.app */ = {isa = PBXFileReference; explicitFileType = wrapper.application; includeInIndex = 0; path = GoogleBooksApps.app; sourceTree = BUILT_PRODUCTS_DIR; };
		C306501721E7962900EDD98D /* AppDelegate.swift */ = {isa = PBXFileReference; lastKnownFileType = sourcecode.swift; path = AppDelegate.swift; sourceTree = "<group>"; };
		C306501921E7962900EDD98D /* ViewController.swift */ = {isa = PBXFileReference; lastKnownFileType = sourcecode.swift; path = ViewController.swift; sourceTree = "<group>"; };
		C306501C21E7962900EDD98D /* Base */ = {isa = PBXFileReference; lastKnownFileType = file.storyboard; name = Base; path = Base.lproj/Main.storyboard; sourceTree = "<group>"; };
		C306501E21E7962900EDD98D /* Assets.xcassets */ = {isa = PBXFileReference; lastKnownFileType = folder.assetcatalog; path = Assets.xcassets; sourceTree = "<group>"; };
		C306502121E7962A00EDD98D /* Base */ = {isa = PBXFileReference; lastKnownFileType = file.storyboard; name = Base; path = Base.lproj/LaunchScreen.storyboard; sourceTree = "<group>"; };
		C306502321E7962A00EDD98D /* Info.plist */ = {isa = PBXFileReference; lastKnownFileType = text.plist.xml; path = Info.plist; sourceTree = "<group>"; };
		C306502921E796B300EDD98D /* NetworkService.swift */ = {isa = PBXFileReference; fileEncoding = 4; lastKnownFileType = sourcecode.swift; path = NetworkService.swift; sourceTree = "<group>"; };
		C306502D21EAB9D700EDD98D /* Books.swift */ = {isa = PBXFileReference; fileEncoding = 4; lastKnownFileType = sourcecode.swift; path = Books.swift; sourceTree = "<group>"; };
		C306503021EAC90B00EDD98D /* BooksViewModel.swift */ = {isa = PBXFileReference; fileEncoding = 4; lastKnownFileType = sourcecode.swift; path = BooksViewModel.swift; sourceTree = "<group>"; };
		C38FE93121F187BE005C97E6 /* RealmRepository.swift */ = {isa = PBXFileReference; fileEncoding = 4; lastKnownFileType = sourcecode.swift; path = RealmRepository.swift; sourceTree = "<group>"; };
		C38FE93321F187C6005C97E6 /* RealmService.swift */ = {isa = PBXFileReference; fileEncoding = 4; lastKnownFileType = sourcecode.swift; path = RealmService.swift; sourceTree = "<group>"; };
		C3BA592721ED8E0F00A828A9 /* BookCollectionViewCell.swift */ = {isa = PBXFileReference; fileEncoding = 4; lastKnownFileType = sourcecode.swift; path = BookCollectionViewCell.swift; sourceTree = "<group>"; };
		C3BA592821ED8E0F00A828A9 /* BookCollectionViewCell.xib */ = {isa = PBXFileReference; fileEncoding = 4; lastKnownFileType = file.xib; path = BookCollectionViewCell.xib; sourceTree = "<group>"; };
/* End PBXFileReference section */

/* Begin PBXFrameworksBuildPhase section */
		C306501121E7962900EDD98D /* Frameworks */ = {
			isa = PBXFrameworksBuildPhase;
			buildActionMask = 2147483647;
			files = (
			);
			runOnlyForDeploymentPostprocessing = 0;
		};
/* End PBXFrameworksBuildPhase section */

/* Begin PBXGroup section */
		3F514E99221FA08000383A78 /* View */ = {
			isa = PBXGroup;
			children = (
				C3BA592721ED8E0F00A828A9 /* BookCollectionViewCell.swift */,
				C3BA592821ED8E0F00A828A9 /* BookCollectionViewCell.xib */,
			);
			name = View;
			sourceTree = "<group>";
		};
		C3016E1D21FFA76F00D833A2 /* ViewController */ = {
			isa = PBXGroup;
			children = (
				C306501921E7962900EDD98D /* ViewController.swift */,
				C3016E1821FD19FA00D833A2 /* FavoritesViewController.swift */,
			);
			name = ViewController;
			sourceTree = "<group>";
		};
		C306500B21E7962900EDD98D = {
			isa = PBXGroup;
			children = (
				C306501621E7962900EDD98D /* GoogleBooksApps */,
				C306501521E7962900EDD98D /* Products */,
			);
			sourceTree = "<group>";
		};
		C306501521E7962900EDD98D /* Products */ = {
			isa = PBXGroup;
			children = (
				C306501421E7962900EDD98D /* GoogleBooksApps.app */,
			);
			name = Products;
			sourceTree = "<group>";
		};
		C306501621E7962900EDD98D /* GoogleBooksApps */ = {
			isa = PBXGroup;
			children = (
				3F514E99221FA08000383A78 /* View */,
				C3016E1D21FFA76F00D833A2 /* ViewController */,
				C306502F21EAC8FA00EDD98D /* ViewModel */,
				C306502C21EAB9BA00EDD98D /* Model */,
				C306502B21E796B700EDD98D /* Services */,
				C306501721E7962900EDD98D /* AppDelegate.swift */,
				C306501B21E7962900EDD98D /* Main.storyboard */,
				C306501E21E7962900EDD98D /* Assets.xcassets */,
				C306502021E7962900EDD98D /* LaunchScreen.storyboard */,
				C306502321E7962A00EDD98D /* Info.plist */,
			);
			path = GoogleBooksApps;
			sourceTree = "<group>";
		};
		C306502B21E796B700EDD98D /* Services */ = {
			isa = PBXGroup;
			children = (
				C38FE93321F187C6005C97E6 /* RealmService.swift */,
				C306502921E796B300EDD98D /* NetworkService.swift */,
			);
			name = Services;
			sourceTree = "<group>";
		};
		C306502C21EAB9BA00EDD98D /* Model */ = {
			isa = PBXGroup;
			children = (
				C38FE93121F187BE005C97E6 /* RealmRepository.swift */,
				C306502D21EAB9D700EDD98D /* Books.swift */,
			);
			name = Model;
			sourceTree = "<group>";
		};
		C306502F21EAC8FA00EDD98D /* ViewModel */ = {
			isa = PBXGroup;
			children = (
				C306503021EAC90B00EDD98D /* BooksViewModel.swift */,
			);
			name = ViewModel;
			sourceTree = "<group>";
		};
/* End PBXGroup section */

/* Begin PBXNativeTarget section */
		C306501321E7962900EDD98D /* GoogleBooksApps */ = {
			isa = PBXNativeTarget;
			buildConfigurationList = C306502621E7962A00EDD98D /* Build configuration list for PBXNativeTarget "GoogleBooksApps" */;
			buildPhases = (
				C306501021E7962900EDD98D /* Sources */,
				C306501121E7962900EDD98D /* Frameworks */,
				C306501221E7962900EDD98D /* Resources */,
			);
			buildRules = (
			);
			dependencies = (
			);
			name = GoogleBooksApps;
			productName = GoogleBooksApps;
			productReference = C306501421E7962900EDD98D /* GoogleBooksApps.app */;
			productType = "com.apple.product-type.application";
		};
/* End PBXNativeTarget section */

/* Begin PBXProject section */
		C306500C21E7962900EDD98D /* Project object */ = {
			isa = PBXProject;
			attributes = {
				LastSwiftUpdateCheck = 0820;
				LastUpgradeCheck = 1010;
				ORGANIZATIONNAME = C2QJG01SDRJD;
				TargetAttributes = {
					C306501321E7962900EDD98D = {
						CreatedOnToolsVersion = 8.2.1;
						DevelopmentTeam = UT6B6RAQG4;
						ProvisioningStyle = Automatic;
					};
				};
			};
			buildConfigurationList = C306500F21E7962900EDD98D /* Build configuration list for PBXProject "GoogleBooksApps" */;
			compatibilityVersion = "Xcode 3.2";
			developmentRegion = English;
			hasScannedForEncodings = 0;
			knownRegions = (
				en,
				Base,
			);
			mainGroup = C306500B21E7962900EDD98D;
			productRefGroup = C306501521E7962900EDD98D /* Products */;
			projectDirPath = "";
			projectRoot = "";
			targets = (
				C306501321E7962900EDD98D /* GoogleBooksApps */,
			);
		};
/* End PBXProject section */

/* Begin PBXResourcesBuildPhase section */
		C306501221E7962900EDD98D /* Resources */ = {
			isa = PBXResourcesBuildPhase;
			buildActionMask = 2147483647;
			files = (
				C306502221E7962A00EDD98D /* LaunchScreen.storyboard in Resources */,
				C3BA592A21ED8E0F00A828A9 /* BookCollectionViewCell.xib in Resources */,
				C306501F21E7962900EDD98D /* Assets.xcassets in Resources */,
				C306501D21E7962900EDD98D /* Main.storyboard in Resources */,
			);
			runOnlyForDeploymentPostprocessing = 0;
		};
/* End PBXResourcesBuildPhase section */

/* Begin PBXSourcesBuildPhase section */
		C306501021E7962900EDD98D /* Sources */ = {
			isa = PBXSourcesBuildPhase;
			buildActionMask = 2147483647;
			files = (
				C306502E21EAB9D700EDD98D /* Books.swift in Sources */,
				C3016E1921FD19FA00D833A2 /* FavoritesViewController.swift in Sources */,
				C306501A21E7962900EDD98D /* ViewController.swift in Sources */,
				C306502A21E796B300EDD98D /* NetworkService.swift in Sources */,
				C3BA592921ED8E0F00A828A9 /* BookCollectionViewCell.swift in Sources */,
				C38FE93221F187BE005C97E6 /* RealmRepository.swift in Sources */,
				C306503121EAC90B00EDD98D /* BooksViewModel.swift in Sources */,
				C306501821E7962900EDD98D /* AppDelegate.swift in Sources */,
				C38FE93421F187C6005C97E6 /* RealmService.swift in Sources */,
			);
			runOnlyForDeploymentPostprocessing = 0;
		};
/* End PBXSourcesBuildPhase section */

/* Begin PBXVariantGroup section */
		C306501B21E7962900EDD98D /* Main.storyboard */ = {
			isa = PBXVariantGroup;
			children = (
				C306501C21E7962900EDD98D /* Base */,
			);
			name = Main.storyboard;
			sourceTree = "<group>";
		};
		C306502021E7962900EDD98D /* LaunchScreen.storyboard */ = {
			isa = PBXVariantGroup;
			children = (
				C306502121E7962A00EDD98D /* Base */,
			);
			name = LaunchScreen.storyboard;
			sourceTree = "<group>";
		};
/* End PBXVariantGroup section */

/* Begin XCBuildConfiguration section */
		C306502421E7962A00EDD98D /* Debug */ = {
			isa = XCBuildConfiguration;
			buildSettings = {
				ALWAYS_SEARCH_USER_PATHS = NO;
				CLANG_ANALYZER_NONNULL = YES;
				CLANG_CXX_LANGUAGE_STANDARD = "gnu++0x";
				CLANG_CXX_LIBRARY = "libc++";
				CLANG_ENABLE_MODULES = YES;
				CLANG_ENABLE_OBJC_ARC = YES;
				CLANG_WARN_BLOCK_CAPTURE_AUTORELEASING = YES;
				CLANG_WARN_BOOL_CONVERSION = YES;
				CLANG_WARN_COMMA = YES;
				CLANG_WARN_CONSTANT_CONVERSION = YES;
				CLANG_WARN_DEPRECATED_OBJC_IMPLEMENTATIONS = YES;
				CLANG_WARN_DIRECT_OBJC_ISA_USAGE = YES_ERROR;
				CLANG_WARN_DOCUMENTATION_COMMENTS = YES;
				CLANG_WARN_EMPTY_BODY = YES;
				CLANG_WARN_ENUM_CONVERSION = YES;
				CLANG_WARN_INFINITE_RECURSION = YES;
				CLANG_WARN_INT_CONVERSION = YES;
				CLANG_WARN_NON_LITERAL_NULL_CONVERSION = YES;
				CLANG_WARN_OBJC_IMPLICIT_RETAIN_SELF = YES;
				CLANG_WARN_OBJC_LITERAL_CONVERSION = YES;
				CLANG_WARN_OBJC_ROOT_CLASS = YES_ERROR;
				CLANG_WARN_RANGE_LOOP_ANALYSIS = YES;
				CLANG_WARN_STRICT_PROTOTYPES = YES;
				CLANG_WARN_SUSPICIOUS_MOVE = YES;
				CLANG_WARN_UNREACHABLE_CODE = YES;
				CLANG_WARN__DUPLICATE_METHOD_MATCH = YES;
				"CODE_SIGN_IDENTITY[sdk=iphoneos*]" = "iPhone Developer";
				COPY_PHASE_STRIP = NO;
				DEBUG_INFORMATION_FORMAT = dwarf;
				ENABLE_STRICT_OBJC_MSGSEND = YES;
				ENABLE_TESTABILITY = YES;
				GCC_C_LANGUAGE_STANDARD = gnu99;
				GCC_DYNAMIC_NO_PIC = NO;
				GCC_NO_COMMON_BLOCKS = YES;
				GCC_OPTIMIZATION_LEVEL = 0;
				GCC_PREPROCESSOR_DEFINITIONS = (
					"DEBUG=1",
					"$(inherited)",
				);
				GCC_WARN_64_TO_32_BIT_CONVERSION = YES;
				GCC_WARN_ABOUT_RETURN_TYPE = YES_ERROR;
				GCC_WARN_UNDECLARED_SELECTOR = YES;
				GCC_WARN_UNINITIALIZED_AUTOS = YES_AGGRESSIVE;
				GCC_WARN_UNUSED_FUNCTION = YES;
				GCC_WARN_UNUSED_VARIABLE = YES;
				IPHONEOS_DEPLOYMENT_TARGET = 10.2;
				MTL_ENABLE_DEBUG_INFO = YES;
				ONLY_ACTIVE_ARCH = YES;
				SDKROOT = iphoneos;
				SWIFT_ACTIVE_COMPILATION_CONDITIONS = DEBUG;
				SWIFT_OPTIMIZATION_LEVEL = "-Onone";
				TARGETED_DEVICE_FAMILY = "1,2";
			};
			name = Debug;
		};
		C306502521E7962A00EDD98D /* Release */ = {
			isa = XCBuildConfiguration;
			buildSettings = {
				ALWAYS_SEARCH_USER_PATHS = NO;
				CLANG_ANALYZER_NONNULL = YES;
				CLANG_CXX_LANGUAGE_STANDARD = "gnu++0x";
				CLANG_CXX_LIBRARY = "libc++";
				CLANG_ENABLE_MODULES = YES;
				CLANG_ENABLE_OBJC_ARC = YES;
				CLANG_WARN_BLOCK_CAPTURE_AUTORELEASING = YES;
				CLANG_WARN_BOOL_CONVERSION = YES;
				CLANG_WARN_COMMA = YES;
				CLANG_WARN_CONSTANT_CONVERSION = YES;
				CLANG_WARN_DEPRECATED_OBJC_IMPLEMENTATIONS = YES;
				CLANG_WARN_DIRECT_OBJC_ISA_USAGE = YES_ERROR;
				CLANG_WARN_DOCUMENTATION_COMMENTS = YES;
				CLANG_WARN_EMPTY_BODY = YES;
				CLANG_WARN_ENUM_CONVERSION = YES;
				CLANG_WARN_INFINITE_RECURSION = YES;
				CLANG_WARN_INT_CONVERSION = YES;
				CLANG_WARN_NON_LITERAL_NULL_CONVERSION = YES;
				CLANG_WARN_OBJC_IMPLICIT_RETAIN_SELF = YES;
				CLANG_WARN_OBJC_LITERAL_CONVERSION = YES;
				CLANG_WARN_OBJC_ROOT_CLASS = YES_ERROR;
				CLANG_WARN_RANGE_LOOP_ANALYSIS = YES;
				CLANG_WARN_STRICT_PROTOTYPES = YES;
				CLANG_WARN_SUSPICIOUS_MOVE = YES;
				CLANG_WARN_UNREACHABLE_CODE = YES;
				CLANG_WARN__DUPLICATE_METHOD_MATCH = YES;
				"CODE_SIGN_IDENTITY[sdk=iphoneos*]" = "iPhone Developer";
				COPY_PHASE_STRIP = NO;
				DEBUG_INFORMATION_FORMAT = "dwarf-with-dsym";
				ENABLE_NS_ASSERTIONS = NO;
				ENABLE_STRICT_OBJC_MSGSEND = YES;
				GCC_C_LANGUAGE_STANDARD = gnu99;
				GCC_NO_COMMON_BLOCKS = YES;
				GCC_WARN_64_TO_32_BIT_CONVERSION = YES;
				GCC_WARN_ABOUT_RETURN_TYPE = YES_ERROR;
				GCC_WARN_UNDECLARED_SELECTOR = YES;
				GCC_WARN_UNINITIALIZED_AUTOS = YES_AGGRESSIVE;
				GCC_WARN_UNUSED_FUNCTION = YES;
				GCC_WARN_UNUSED_VARIABLE = YES;
				IPHONEOS_DEPLOYMENT_TARGET = 10.2;
				MTL_ENABLE_DEBUG_INFO = NO;
				SDKROOT = iphoneos;
				SWIFT_OPTIMIZATION_LEVEL = "-Owholemodule";
				TARGETED_DEVICE_FAMILY = "1,2";
				VALIDATE_PRODUCT = YES;
			};
			name = Release;
		};
		C306502721E7962A00EDD98D /* Debug */ = {
			isa = XCBuildConfiguration;
			buildSettings = {
				ASSETCATALOG_COMPILER_APPICON_NAME = AppIcon;
				DEVELOPMENT_TEAM = UT6B6RAQG4;
				INFOPLIST_FILE = GoogleBooksApps/Info.plist;
				LD_RUNPATH_SEARCH_PATHS = "$(inherited) @executable_path/Frameworks";
				PRODUCT_BUNDLE_IDENTIFIER = GoogleBooksApps;
				PRODUCT_NAME = "$(TARGET_NAME)";
				SWIFT_VERSION = 4.2;
			};
			name = Debug;
		};
		C306502821E7962A00EDD98D /* Release */ = {
			isa = XCBuildConfiguration;
			buildSettings = {
				ASSETCATALOG_COMPILER_APPICON_NAME = AppIcon;
				DEVELOPMENT_TEAM = UT6B6RAQG4;
				INFOPLIST_FILE = GoogleBooksApps/Info.plist;
				LD_RUNPATH_SEARCH_PATHS = "$(inherited) @executable_path/Frameworks";
				PRODUCT_BUNDLE_IDENTIFIER = GoogleBooksApps;
				PRODUCT_NAME = "$(TARGET_NAME)";
				SWIFT_VERSION = 4.2;
			};
			name = Release;
		};
/* End XCBuildConfiguration section */

/* Begin XCConfigurationList section */
		C306500F21E7962900EDD98D /* Build configuration list for PBXProject "GoogleBooksApps" */ = {
			isa = XCConfigurationList;
			buildConfigurations = (
				C306502421E7962A00EDD98D /* Debug */,
				C306502521E7962A00EDD98D /* Release */,
			);
			defaultConfigurationIsVisible = 0;
			defaultConfigurationName = Release;
		};
		C306502621E7962A00EDD98D /* Build configuration list for PBXNativeTarget "GoogleBooksApps" */ = {
			isa = XCConfigurationList;
			buildConfigurations = (
				C306502721E7962A00EDD98D /* Debug */,
				C306502821E7962A00EDD98D /* Release */,
			);
			defaultConfigurationIsVisible = 0;
			defaultConfigurationName = Release;
		};
/* End XCConfigurationList section */
	};
	rootObject = C306500C21E7962900EDD98D /* Project object */;
}
