PODS:
  - Alamofire (4.4.0)
  - Realm (3.13.1):
    - Realm/Headers (= 3.13.1)
  - Realm/Headers (3.13.1)
  - RealmSwift (3.13.1):
    - Realm (= 3.13.1)
  - RxAtomic (4.4.1)
  - RxCocoa (4.4.1):
    - RxSwift (~> 4.0)
  - RxSwift (4.4.1):
    - RxAtomic (~> 4.4)
  - SDWebImage (4.4.5):
    - SDWebImage/Core (= 4.4.5)
  - SDWebImage/Core (4.4.5)
  - Unbox (3.0.0)

DEPENDENCIES:
  - Alamofire (< 4.5)
  - RealmSwift
  - RxCocoa
  - RxSwift
  - SDWebImage
  - Unbox

SPEC REPOS:
  https://github.com/cocoapods/specs.git:
    - Alamofire
    - Realm
    - RealmSwift
    - RxAtomic
    - RxCocoa
    - RxSwift
    - SDWebImage
    - Unbox

SPEC CHECKSUMS:
  Alamofire: dc44b1600b800eb63da6a19039a0083d62a6a62d
  Realm: 50071da38fe079e0735e47c9f2eae738c68c5996
  RealmSwift: 8a1e6a02b7a08cd17a31e3115143fb69fe5f3fb9
  RxAtomic: f8d6adc1ccb87a767811269e4875887bc74dbf19
  RxCocoa: 2f35a76bf8887872e28a1914112395b11b8e0e64
  RxSwift: 92fcf68dfef21f3e2ab1965363d9e7b3d787597e
  SDWebImage: ecc03494e973b93b80213649d32175f8d2d17d4d
  Unbox: 9ed33b2a31f7a8a049f54b94d40c4a52a28c4d9d

PODFILE CHECKSUM: cb4d3a455e41e274e2590453aace908d618272d2

COCOAPODS: 1.5.3
