PODS:
  - Alamofire (4.4.0)
  - Realm (2.10.2):
    - Realm/Headers (= 2.10.2)
  - Realm/Headers (2.10.2)
  - RealmSwift (2.10.2):
    - Realm (= 2.10.2)
  - RxCocoa (3.0.0):
    - RxSwift (~> 3.0)
  - RxSwift (3.0.0)
  - SDWebImage (4.4.3):
    - SDWebImage/Core (= 4.4.3)
  - SDWebImage/Core (4.4.3)
  - SwiftLint (0.25.1)
  - Unbox (3.0.0)

DEPENDENCIES:
  - Alamofire (< 4.5)
  - RealmSwift (< 3.0)
  - RxCocoa (= 3.0)
  - RxSwift (= 3.0)
  - SDWebImage
  - SwiftLint (= 0.25.1)
  - Unbox (< 4.0)

SPEC REPOS:
  https://github.com/cocoapods/specs.git:
    - Alamofire
    - Realm
    - RealmSwift
    - RxCocoa
    - RxSwift
    - SDWebImage
    - SwiftLint
    - Unbox

SPEC CHECKSUMS:
  Alamofire: dc44b1600b800eb63da6a19039a0083d62a6a62d
  Realm: 0ef72b837fb67e9f4b098bac771ddd72c7fdbb69
  RealmSwift: 07a9ae0505091eda6b2ee7c190c3786d6e90a7b0
  RxCocoa: 0a2f3ae381cf16f4021a4cee7a4420f83058a965
  RxSwift: a930cd662f5b4a7ca9dc3518585dba91dadf497c
  SDWebImage: c5594f1a19c48d526d321e548902b56b479cd508
  SwiftLint: ce933681be10c3266e82576dad676fa815a602e9
  Unbox: 9ed33b2a31f7a8a049f54b94d40c4a52a28c4d9d

PODFILE CHECKSUM: 76220b113e831d03b36b5c9d19f92f4d08b981ff

COCOAPODS: 1.5.3
